// !$*UTF8*$!
{
	archiveVersion = 1;
	classes = {
	};
	objectVersion = 55;
	objects = {

/* Begin PBXBuildFile section */
		861A088A2803241700EFA702 /* SavedView.swift in Sources */ = {isa = PBXBuildFile; fileRef = 861A08892803241700EFA702 /* SavedView.swift */; };
		861A088C2803423A00EFA702 /* NewsSetting.swift in Sources */ = {isa = PBXBuildFile; fileRef = 861A088B2803423A00EFA702 /* NewsSetting.swift */; };
		866F591B2801AC0100DD7B96 /* NewsAppApp.swift in Sources */ = {isa = PBXBuildFile; fileRef = 866F591A2801AC0100DD7B96 /* NewsAppApp.swift */; };
		866F591D2801AC0100DD7B96 /* NewsView.swift in Sources */ = {isa = PBXBuildFile; fileRef = 866F591C2801AC0100DD7B96 /* NewsView.swift */; };
		866F591F2801AC0400DD7B96 /* Assets.xcassets in Resources */ = {isa = PBXBuildFile; fileRef = 866F591E2801AC0400DD7B96 /* Assets.xcassets */; };
		866F59222801AC0400DD7B96 /* Preview Assets.xcassets in Resources */ = {isa = PBXBuildFile; fileRef = 866F59212801AC0400DD7B96 /* Preview Assets.xcassets */; };
		866F592C2801ACCF00DD7B96 /* NewsViewModel.swift in Sources */ = {isa = PBXBuildFile; fileRef = 866F592B2801ACCF00DD7B96 /* NewsViewModel.swift */; };
		866F592E2801ACE700DD7B96 /* SavedViewModel.swift in Sources */ = {isa = PBXBuildFile; fileRef = 866F592D2801ACE700DD7B96 /* SavedViewModel.swift */; };
		866F59332801CFF800DD7B96 /* News.swift in Sources */ = {isa = PBXBuildFile; fileRef = 866F59322801CFF800DD7B96 /* News.swift */; };
		866F59352801E71D00DD7B96 /* WebView.swift in Sources */ = {isa = PBXBuildFile; fileRef = 866F59342801E71D00DD7B96 /* WebView.swift */; };
		86AE53442801EE2F0003127B /* NewsCard.swift in Sources */ = {isa = PBXBuildFile; fileRef = 86AE53432801EE2F0003127B /* NewsCard.swift */; };
/* End PBXBuildFile section */

/* Begin PBXFileReference section */
		861A08892803241700EFA702 /* SavedView.swift */ = {isa = PBXFileReference; lastKnownFileType = sourcecode.swift; path = SavedView.swift; sourceTree = "<group>"; };
		861A088B2803423A00EFA702 /* NewsSetting.swift */ = {isa = PBXFileReference; lastKnownFileType = sourcecode.swift; path = NewsSetting.swift; sourceTree = "<group>"; };
		866F59172801AC0100DD7B96 /* NewsReader.app */ = {isa = PBXFileReference; explicitFileType = wrapper.application; includeInIndex = 0; path = NewsReader.app; sourceTree = BUILT_PRODUCTS_DIR; };
		866F591A2801AC0100DD7B96 /* NewsAppApp.swift */ = {isa = PBXFileReference; lastKnownFileType = sourcecode.swift; path = NewsAppApp.swift; sourceTree = "<group>"; };
		866F591C2801AC0100DD7B96 /* NewsView.swift */ = {isa = PBXFileReference; lastKnownFileType = sourcecode.swift; path = NewsView.swift; sourceTree = "<group>"; };
		866F591E2801AC0400DD7B96 /* Assets.xcassets */ = {isa = PBXFileReference; lastKnownFileType = folder.assetcatalog; path = Assets.xcassets; sourceTree = "<group>"; };
		866F59212801AC0400DD7B96 /* Preview Assets.xcassets */ = {isa = PBXFileReference; lastKnownFileType = folder.assetcatalog; path = "Preview Assets.xcassets"; sourceTree = "<group>"; };
		866F592B2801ACCF00DD7B96 /* NewsViewModel.swift */ = {isa = PBXFileReference; lastKnownFileType = sourcecode.swift; path = NewsViewModel.swift; sourceTree = "<group>"; };
		866F592D2801ACE700DD7B96 /* SavedViewModel.swift */ = {isa = PBXFileReference; lastKnownFileType = sourcecode.swift; path = SavedViewModel.swift; sourceTree = "<group>"; };
		866F59322801CFF800DD7B96 /* News.swift */ = {isa = PBXFileReference; lastKnownFileType = sourcecode.swift; path = News.swift; sourceTree = "<group>"; };
		866F59342801E71D00DD7B96 /* WebView.swift */ = {isa = PBXFileReference; lastKnownFileType = sourcecode.swift; path = WebView.swift; sourceTree = "<group>"; };
		86AE53432801EE2F0003127B /* NewsCard.swift */ = {isa = PBXFileReference; lastKnownFileType = sourcecode.swift; path = NewsCard.swift; sourceTree = "<group>"; };
/* End PBXFileReference section */

/* Begin PBXFrameworksBuildPhase section */
		866F59142801AC0100DD7B96 /* Frameworks */ = {
			isa = PBXFrameworksBuildPhase;
			buildActionMask = 2147483647;
			files = (
			);
			runOnlyForDeploymentPostprocessing = 0;
		};
/* End PBXFrameworksBuildPhase section */

/* Begin PBXGroup section */
		866F590E2801AC0100DD7B96 = {
			isa = PBXGroup;
			children = (
				866F59192801AC0100DD7B96 /* NewsApp */,
				866F59182801AC0100DD7B96 /* Products */,
			);
			sourceTree = "<group>";
		};
		866F59182801AC0100DD7B96 /* Products */ = {
			isa = PBXGroup;
			children = (
				866F59172801AC0100DD7B96 /* NewsReader.app */,
			);
			name = Products;
			sourceTree = "<group>";
		};
		866F59192801AC0100DD7B96 /* NewsApp */ = {
			isa = PBXGroup;
			children = (
				866F59312801CFE700DD7B96 /* Models */,
				866F592A2801ACA700DD7B96 /* ViewModels */,
				866F59282801AC9900DD7B96 /* Views */,
				866F591A2801AC0100DD7B96 /* NewsAppApp.swift */,
				866F591E2801AC0400DD7B96 /* Assets.xcassets */,
				866F59202801AC0400DD7B96 /* Preview Content */,
			);
			path = NewsApp;
			sourceTree = "<group>";
		};
		866F59202801AC0400DD7B96 /* Preview Content */ = {
			isa = PBXGroup;
			children = (
				866F59212801AC0400DD7B96 /* Preview Assets.xcassets */,
			);
			path = "Preview Content";
			sourceTree = "<group>";
		};
		866F59282801AC9900DD7B96 /* Views */ = {
			isa = PBXGroup;
			children = (
				866F591C2801AC0100DD7B96 /* NewsView.swift */,
				866F59342801E71D00DD7B96 /* WebView.swift */,
				86AE53432801EE2F0003127B /* NewsCard.swift */,
				861A08892803241700EFA702 /* SavedView.swift */,
				861A088B2803423A00EFA702 /* NewsSetting.swift */,
			);
			path = Views;
			sourceTree = "<group>";
		};
		866F592A2801ACA700DD7B96 /* ViewModels */ = {
			isa = PBXGroup;
			children = (
				866F592B2801ACCF00DD7B96 /* NewsViewModel.swift */,
				866F592D2801ACE700DD7B96 /* SavedViewModel.swift */,
			);
			path = ViewModels;
			sourceTree = "<group>";
		};
		866F59312801CFE700DD7B96 /* Models */ = {
			isa = PBXGroup;
			children = (
				866F59322801CFF800DD7B96 /* News.swift */,
			);
			path = Models;
			sourceTree = "<group>";
		};
/* End PBXGroup section */

/* Begin PBXNativeTarget section */
		866F59162801AC0100DD7B96 /* NewsApp */ = {
			isa = PBXNativeTarget;
			buildConfigurationList = 866F59252801AC0400DD7B96 /* Build configuration list for PBXNativeTarget "NewsApp" */;
			buildPhases = (
				866F59132801AC0100DD7B96 /* Sources */,
				866F59142801AC0100DD7B96 /* Frameworks */,
				866F59152801AC0100DD7B96 /* Resources */,
			);
			buildRules = (
			);
			dependencies = (
			);
			name = NewsApp;
			productName = NewsApp;
			productReference = 866F59172801AC0100DD7B96 /* NewsReader.app */;
			productType = "com.apple.product-type.application";
		};
/* End PBXNativeTarget section */

/* Begin PBXProject section */
		866F590F2801AC0100DD7B96 /* Project object */ = {
			isa = PBXProject;
			attributes = {
				BuildIndependentTargetsInParallel = 1;
				LastSwiftUpdateCheck = 1330;
				LastUpgradeCheck = 1330;
				TargetAttributes = {
					866F59162801AC0100DD7B96 = {
						CreatedOnToolsVersion = 13.3;
					};
				};
			};
			buildConfigurationList = 866F59122801AC0100DD7B96 /* Build configuration list for PBXProject "NewsApp" */;
			compatibilityVersion = "Xcode 13.0";
			developmentRegion = en;
			hasScannedForEncodings = 0;
			knownRegions = (
				en,
				Base,
			);
			mainGroup = 866F590E2801AC0100DD7B96;
			productRefGroup = 866F59182801AC0100DD7B96 /* Products */;
			projectDirPath = "";
			projectRoot = "";
			targets = (
				866F59162801AC0100DD7B96 /* NewsApp */,
			);
		};
/* End PBXProject section */

/* Begin PBXResourcesBuildPhase section */
		866F59152801AC0100DD7B96 /* Resources */ = {
			isa = PBXResourcesBuildPhase;
			buildActionMask = 2147483647;
			files = (
				866F59222801AC0400DD7B96 /* Preview Assets.xcassets in Resources */,
				866F591F2801AC0400DD7B96 /* Assets.xcassets in Resources */,
			);
			runOnlyForDeploymentPostprocessing = 0;
		};
/* End PBXResourcesBuildPhase section */

/* Begin PBXSourcesBuildPhase section */
		866F59132801AC0100DD7B96 /* Sources */ = {
			isa = PBXSourcesBuildPhase;
			buildActionMask = 2147483647;
			files = (
				861A088A2803241700EFA702 /* SavedView.swift in Sources */,
				861A088C2803423A00EFA702 /* NewsSetting.swift in Sources */,
				866F592C2801ACCF00DD7B96 /* NewsViewModel.swift in Sources */,
				866F591D2801AC0100DD7B96 /* NewsView.swift in Sources */,
				86AE53442801EE2F0003127B /* NewsCard.swift in Sources */,
				866F592E2801ACE700DD7B96 /* SavedViewModel.swift in Sources */,
				866F59352801E71D00DD7B96 /* WebView.swift in Sources */,
				866F59332801CFF800DD7B96 /* News.swift in Sources */,
				866F591B2801AC0100DD7B96 /* NewsAppApp.swift in Sources */,
			);
			runOnlyForDeploymentPostprocessing = 0;
		};
/* End PBXSourcesBuildPhase section */

/* Begin XCBuildConfiguration section */
		866F59232801AC0400DD7B96 /* Debug */ = {
			isa = XCBuildConfiguration;
			buildSettings = {
				ALWAYS_SEARCH_USER_PATHS = NO;
				CLANG_ANALYZER_NONNULL = YES;
				CLANG_ANALYZER_NUMBER_OBJECT_CONVERSION = YES_AGGRESSIVE;
				CLANG_CXX_LANGUAGE_STANDARD = "gnu++17";
				CLANG_ENABLE_MODULES = YES;
				CLANG_ENABLE_OBJC_ARC = YES;
				CLANG_ENABLE_OBJC_WEAK = YES;
				CLANG_WARN_BLOCK_CAPTURE_AUTORELEASING = YES;
				CLANG_WARN_BOOL_CONVERSION = YES;
				CLANG_WARN_COMMA = YES;
				CLANG_WARN_CONSTANT_CONVERSION = YES;
				CLANG_WARN_DEPRECATED_OBJC_IMPLEMENTATIONS = YES;
				CLANG_WARN_DIRECT_OBJC_ISA_USAGE = YES_ERROR;
				CLANG_WARN_DOCUMENTATION_COMMENTS = YES;
				CLANG_WARN_EMPTY_BODY = YES;
				CLANG_WARN_ENUM_CONVERSION = YES;
				CLANG_WARN_INFINITE_RECURSION = YES;
				CLANG_WARN_INT_CONVERSION = YES;
				CLANG_WARN_NON_LITERAL_NULL_CONVERSION = YES;
				CLANG_WARN_OBJC_IMPLICIT_RETAIN_SELF = YES;
				CLANG_WARN_OBJC_LITERAL_CONVERSION = YES;
				CLANG_WARN_OBJC_ROOT_CLASS = YES_ERROR;
				CLANG_WARN_QUOTED_INCLUDE_IN_FRAMEWORK_HEADER = YES;
				CLANG_WARN_RANGE_LOOP_ANALYSIS = YES;
				CLANG_WARN_STRICT_PROTOTYPES = YES;
				CLANG_WARN_SUSPICIOUS_MOVE = YES;
				CLANG_WARN_UNGUARDED_AVAILABILITY = YES_AGGRESSIVE;
				CLANG_WARN_UNREACHABLE_CODE = YES;
				CLANG_WARN__DUPLICATE_METHOD_MATCH = YES;
				COPY_PHASE_STRIP = NO;
				DEBUG_INFORMATION_FORMAT = dwarf;
				ENABLE_STRICT_OBJC_MSGSEND = YES;
				ENABLE_TESTABILITY = YES;
				GCC_C_LANGUAGE_STANDARD = gnu11;
				GCC_DYNAMIC_NO_PIC = NO;
				GCC_NO_COMMON_BLOCKS = YES;
				GCC_OPTIMIZATION_LEVEL = 0;
				GCC_PREPROCESSOR_DEFINITIONS = (
					"DEBUG=1",
					"$(inherited)",
				);
				GCC_WARN_64_TO_32_BIT_CONVERSION = YES;
				GCC_WARN_ABOUT_RETURN_TYPE = YES_ERROR;
				GCC_WARN_UNDECLARED_SELECTOR = YES;
				GCC_WARN_UNINITIALIZED_AUTOS = YES_AGGRESSIVE;
				GCC_WARN_UNUSED_FUNCTION = YES;
				GCC_WARN_UNUSED_VARIABLE = YES;
				IPHONEOS_DEPLOYMENT_TARGET = 15.0;
				MTL_ENABLE_DEBUG_INFO = INCLUDE_SOURCE;
				MTL_FAST_MATH = YES;
				ONLY_ACTIVE_ARCH = YES;
				SDKROOT = iphoneos;
				SWIFT_ACTIVE_COMPILATION_CONDITIONS = DEBUG;
				SWIFT_OPTIMIZATION_LEVEL = "-Onone";
			};
			name = Debug;
		};
		866F59242801AC0400DD7B96 /* Release */ = {
			isa = XCBuildConfiguration;
			buildSettings = {
				ALWAYS_SEARCH_USER_PATHS = NO;
				CLANG_ANALYZER_NONNULL = YES;
				CLANG_ANALYZER_NUMBER_OBJECT_CONVERSION = YES_AGGRESSIVE;
				CLANG_CXX_LANGUAGE_STANDARD = "gnu++17";
				CLANG_ENABLE_MODULES = YES;
				CLANG_ENABLE_OBJC_ARC = YES;
				CLANG_ENABLE_OBJC_WEAK = YES;
				CLANG_WARN_BLOCK_CAPTURE_AUTORELEASING = YES;
				CLANG_WARN_BOOL_CONVERSION = YES;
				CLANG_WARN_COMMA = YES;
				CLANG_WARN_CONSTANT_CONVERSION = YES;
				CLANG_WARN_DEPRECATED_OBJC_IMPLEMENTATIONS = YES;
				CLANG_WARN_DIRECT_OBJC_ISA_USAGE = YES_ERROR;
				CLANG_WARN_DOCUMENTATION_COMMENTS = YES;
				CLANG_WARN_EMPTY_BODY = YES;
				CLANG_WARN_ENUM_CONVERSION = YES;
				CLANG_WARN_INFINITE_RECURSION = YES;
				CLANG_WARN_INT_CONVERSION = YES;
				CLANG_WARN_NON_LITERAL_NULL_CONVERSION = YES;
				CLANG_WARN_OBJC_IMPLICIT_RETAIN_SELF = YES;
				CLANG_WARN_OBJC_LITERAL_CONVERSION = YES;
				CLANG_WARN_OBJC_ROOT_CLASS = YES_ERROR;
				CLANG_WARN_QUOTED_INCLUDE_IN_FRAMEWORK_HEADER = YES;
				CLANG_WARN_RANGE_LOOP_ANALYSIS = YES;
				CLANG_WARN_STRICT_PROTOTYPES = YES;
				CLANG_WARN_SUSPICIOUS_MOVE = YES;
				CLANG_WARN_UNGUARDED_AVAILABILITY = YES_AGGRESSIVE;
				CLANG_WARN_UNREACHABLE_CODE = YES;
				CLANG_WARN__DUPLICATE_METHOD_MATCH = YES;
				COPY_PHASE_STRIP = NO;
				DEBUG_INFORMATION_FORMAT = "dwarf-with-dsym";
				ENABLE_NS_ASSERTIONS = NO;
				ENABLE_STRICT_OBJC_MSGSEND = YES;
				GCC_C_LANGUAGE_STANDARD = gnu11;
				GCC_NO_COMMON_BLOCKS = YES;
				GCC_WARN_64_TO_32_BIT_CONVERSION = YES;
				GCC_WARN_ABOUT_RETURN_TYPE = YES_ERROR;
				GCC_WARN_UNDECLARED_SELECTOR = YES;
				GCC_WARN_UNINITIALIZED_AUTOS = YES_AGGRESSIVE;
				GCC_WARN_UNUSED_FUNCTION = YES;
				GCC_WARN_UNUSED_VARIABLE = YES;
				IPHONEOS_DEPLOYMENT_TARGET = 15.0;
				MTL_ENABLE_DEBUG_INFO = NO;
				MTL_FAST_MATH = YES;
				SDKROOT = iphoneos;
				SWIFT_COMPILATION_MODE = wholemodule;
				SWIFT_OPTIMIZATION_LEVEL = "-O";
				VALIDATE_PRODUCT = YES;
			};
			name = Release;
		};
		866F59262801AC0400DD7B96 /* Debug */ = {
			isa = XCBuildConfiguration;
			buildSettings = {
				ASSETCATALOG_COMPILER_APPICON_NAME = AppIcon;
				ASSETCATALOG_COMPILER_GLOBAL_ACCENT_COLOR_NAME = AccentColor;
				CODE_SIGN_STYLE = Automatic;
				CURRENT_PROJECT_VERSION = 1;
				DEVELOPMENT_ASSET_PATHS = "\"NewsApp/Preview Content\"";
				DEVELOPMENT_TEAM = AXD33J252A;
				ENABLE_PREVIEWS = YES;
				GENERATE_INFOPLIST_FILE = YES;
				INFOPLIST_KEY_UIApplicationSceneManifest_Generation = YES;
				INFOPLIST_KEY_UIApplicationSupportsIndirectInputEvents = YES;
				INFOPLIST_KEY_UILaunchScreen_Generation = YES;
				INFOPLIST_KEY_UISupportedInterfaceOrientations_iPad = "UIInterfaceOrientationPortrait UIInterfaceOrientationPortraitUpsideDown UIInterfaceOrientationLandscapeLeft UIInterfaceOrientationLandscapeRight";
				INFOPLIST_KEY_UISupportedInterfaceOrientations_iPhone = "UIInterfaceOrientationPortrait UIInterfaceOrientationLandscapeLeft UIInterfaceOrientationLandscapeRight";
				LD_RUNPATH_SEARCH_PATHS = (
					"$(inherited)",
					"@executable_path/Frameworks",
				);
				MARKETING_VERSION = 1.0;
				PRODUCT_BUNDLE_IDENTIFIER = me.ivanchristian.NewsReader;
				PRODUCT_NAME = NewsReader;
				SWIFT_EMIT_LOC_STRINGS = YES;
				SWIFT_VERSION = 5.0;
				TARGETED_DEVICE_FAMILY = "1,2";
			};
			name = Debug;
		};
		866F59272801AC0400DD7B96 /* Release */ = {
			isa = XCBuildConfiguration;
			buildSettings = {
				ASSETCATALOG_COMPILER_APPICON_NAME = AppIcon;
				ASSETCATALOG_COMPILER_GLOBAL_ACCENT_COLOR_NAME = AccentColor;
				CODE_SIGN_STYLE = Automatic;
				CURRENT_PROJECT_VERSION = 1;
				DEVELOPMENT_ASSET_PATHS = "\"NewsApp/Preview Content\"";
				DEVELOPMENT_TEAM = AXD33J252A;
				ENABLE_PREVIEWS = YES;
				GENERATE_INFOPLIST_FILE = YES;
				INFOPLIST_KEY_UIApplicationSceneManifest_Generation = YES;
				INFOPLIST_KEY_UIApplicationSupportsIndirectInputEvents = YES;
				INFOPLIST_KEY_UILaunchScreen_Generation = YES;
				INFOPLIST_KEY_UISupportedInterfaceOrientations_iPad = "UIInterfaceOrientationPortrait UIInterfaceOrientationPortraitUpsideDown UIInterfaceOrientationLandscapeLeft UIInterfaceOrientationLandscapeRight";
				INFOPLIST_KEY_UISupportedInterfaceOrientations_iPhone = "UIInterfaceOrientationPortrait UIInterfaceOrientationLandscapeLeft UIInterfaceOrientationLandscapeRight";
				LD_RUNPATH_SEARCH_PATHS = (
					"$(inherited)",
					"@executable_path/Frameworks",
				);
				MARKETING_VERSION = 1.0;
				PRODUCT_BUNDLE_IDENTIFIER = me.ivanchristian.NewsReader;
				PRODUCT_NAME = NewsReader;
				SWIFT_EMIT_LOC_STRINGS = YES;
				SWIFT_VERSION = 5.0;
				TARGETED_DEVICE_FAMILY = "1,2";
			};
			name = Release;
		};
/* End XCBuildConfiguration section */

/* Begin XCConfigurationList section */
		866F59122801AC0100DD7B96 /* Build configuration list for PBXProject "NewsApp" */ = {
			isa = XCConfigurationList;
			buildConfigurations = (
				866F59232801AC0400DD7B96 /* Debug */,
				866F59242801AC0400DD7B96 /* Release */,
			);
			defaultConfigurationIsVisible = 0;
			defaultConfigurationName = Release;
		};
		866F59252801AC0400DD7B96 /* Build configuration list for PBXNativeTarget "NewsApp" */ = {
			isa = XCConfigurationList;
			buildConfigurations = (
				866F59262801AC0400DD7B96 /* Debug */,
				866F59272801AC0400DD7B96 /* Release */,
			);
			defaultConfigurationIsVisible = 0;
			defaultConfigurationName = Release;
		};
/* End XCConfigurationList section */
	};
	rootObject = 866F590F2801AC0100DD7B96 /* Project object */;
}
